# THIS IS AN AUTOGENERATED FILE. DO NOT EDIT THIS FILE DIRECTLY.
# yarn lockfile v1


vuetify-google-autocomplete@^2.0.4:
  version "2.0.4"
  resolved "https://registry.yarnpkg.com/vuetify-google-autocomplete/-/vuetify-google-autocomplete-2.0.4.tgz#40bd1db95be76f69e85cce1dd7c36ed312dd88dd"
  integrity sha512-Vk/aV+2TA0A8bE5POwVUC7QfrSnYYwqTnJ9AMFuYnZ0IJsY9oGiKODrBPhAK+CYHGxOjtZ3NYVEOrDWmr2S1FQ==
  dependencies:
    vuetify "^2.3.4"

vuetify@^2.3.4:
  version "2.4.3"
  resolved "https://registry.yarnpkg.com/vuetify/-/vuetify-2.4.3.tgz#8d6f15dde396e81f64e130d8ac0bc272e030879c"
  integrity sha512-i2/Df0U0sedlaCbft4NMbna7WXbTCBhKVYTMjBrLVzrYTTWqzSO7ZCxLuDRY7MjwQhn7AOec7ent9U/NyIICqA==
